
Microsoft Visual Studio Solution File, Format Version 12.00
# Visual Studio 2013
Project("{8BC9CEB8-8B4A-11D0-8D11-00A0C91BC942}") = "Computer-Graphics-w2", "Computer-Graphics-w2.vcxproj", "{C76F0C8E-0473-ACE6-699C-E6567D1BAA4F}"
EndProject
Global
	GlobalSection(SolutionConfigurationPlatforms) = preSolution
		Debug|Win32 = Debug|Win32
		Release|Win32 = Release|Win32
	EndGlobalSection
	GlobalSection(ProjectConfigurationPlatforms) = postSolution
		{C76F0C8E-0473-ACE6-699C-E6567D1BAA4F}.Debug|Win32.ActiveCfg = Debug|Win32
		{C76F0C8E-0473-ACE6-699C-E6567D1BAA4F}.Debug|Win32.Build.0 = Debug|Win32
		{C76F0C8E-0473-ACE6-699C-E6567D1BAA4F}.Release|Win32.ActiveCfg = Release|Win32
		{C76F0C8E-0473-ACE6-699C-E6567D1BAA4F}.Release|Win32.Build.0 = Release|Win32
	EndGlobalSection
	GlobalSection(SolutionProperties) = preSolution
		HideSolutionNode = FALSE
	EndGlobalSection
EndGlobal
